
Microsoft Visual Studio Solution File, Format Version 12.00
# Visual Studio 15
VisualStudioVersion = 15.0.28307.705
MinimumVisualStudioVersion = 10.0.40219.1
Project("{FAE04EC0-301F-11D3-BF4B-00C04F79EFBC}") = "PremiumCalculatorApp", "PremiumCalculatorApp\PremiumCalculatorApp.csproj", "{64A59124-DADC-4269-AF64-3786332FD265}"
EndProject
Project("{FAE04EC0-301F-11D3-BF4B-00C04F79EFBC}") = "PremiumCalculatorApp.UnitTests", "PremiumCalculatorApp.UnitTests\PremiumCalculatorApp.UnitTests.csproj", "{4C105ECC-F098-426F-B94D-F922A206715E}"
EndProject
Global
	GlobalSection(SolutionConfigurationPlatforms) = preSolution
		Debug|Any CPU = Debug|Any CPU
		Release|Any CPU = Release|Any CPU
	EndGlobalSection
	GlobalSection(ProjectConfigurationPlatforms) = postSolution
		{64A59124-DADC-4269-AF64-3786332FD265}.Debug|Any CPU.ActiveCfg = Debug|Any CPU
		{64A59124-DADC-4269-AF64-3786332FD265}.Debug|Any CPU.Build.0 = Debug|Any CPU
		{64A59124-DADC-4269-AF64-3786332FD265}.Release|Any CPU.ActiveCfg = Release|Any CPU
		{64A59124-DADC-4269-AF64-3786332FD265}.Release|Any CPU.Build.0 = Release|Any CPU
		{4C105ECC-F098-426F-B94D-F922A206715E}.Debug|Any CPU.ActiveCfg = Debug|Any CPU
		{4C105ECC-F098-426F-B94D-F922A206715E}.Debug|Any CPU.Build.0 = Debug|Any CPU
		{4C105ECC-F098-426F-B94D-F922A206715E}.Release|Any CPU.ActiveCfg = Release|Any CPU
		{4C105ECC-F098-426F-B94D-F922A206715E}.Release|Any CPU.Build.0 = Release|Any CPU
	EndGlobalSection
	GlobalSection(SolutionProperties) = preSolution
		HideSolutionNode = FALSE
	EndGlobalSection
	GlobalSection(ExtensibilityGlobals) = postSolution
		SolutionGuid = {91D3E3D7-E366-4D65-88F1-15670655D195}
	EndGlobalSection
EndGlobal
